Microsoft Visual Studio Solution File, Format Version 12.00
# Visual Studio 2012
Project("{FAE04EC0-301F-11D3-BF4B-00C04F79EFBC}") = "Celluar- Automata", "Celluar- Automata.csproj", "{58F8A657-916C-4161-991F-E97CA8A85116}"
EndProject
Global
	GlobalSection(SolutionConfigurationPlatforms) = preSolution
	Debug|Any CPU = Debug|Any CPU
	ExportDebug|Any CPU = ExportDebug|Any CPU
	ExportRelease|Any CPU = ExportRelease|Any CPU
	EndGlobalSection
	GlobalSection(ProjectConfigurationPlatforms) = postSolution
		{58F8A657-916C-4161-991F-E97CA8A85116}.Debug|Any CPU.ActiveCfg = Debug|Any CPU
		{58F8A657-916C-4161-991F-E97CA8A85116}.Debug|Any CPU.Build.0 = Debug|Any CPU
		{58F8A657-916C-4161-991F-E97CA8A85116}.ExportDebug|Any CPU.ActiveCfg = ExportDebug|Any CPU
		{58F8A657-916C-4161-991F-E97CA8A85116}.ExportDebug|Any CPU.Build.0 = ExportDebug|Any CPU
		{58F8A657-916C-4161-991F-E97CA8A85116}.ExportRelease|Any CPU.ActiveCfg = ExportRelease|Any CPU
		{58F8A657-916C-4161-991F-E97CA8A85116}.ExportRelease|Any CPU.Build.0 = ExportRelease|Any CPU
	EndGlobalSection
EndGlobal
